# Generated by conda-lock.
# platform: linux-aarch64
# input_hash: 8c67c180caa11e315e08143a8777155d1e1bf3f334ce4b752c7afd6f1ab9c17d
@EXPLICIT
https://conda.anaconda.org/conda-forge/linux-aarch64/ca-certificates-2022.5.18.1-h4fd8a4c_0.tar.bz2#8f445510f2354b85b27fb5f4f202c59b
https://conda.anaconda.org/conda-forge/linux-aarch64/ld_impl_linux-aarch64-2.36.1-h02ad14f_2.tar.bz2#3ca1a8e406eab04ffc3bfa6e8ac0a724
https://conda.anaconda.org/conda-forge/linux-aarch64/libgfortran5-12.1.0-h41d5c85_16.tar.bz2#f053ad62fdac14fb8e73cfed4e8d2676
https://conda.anaconda.org/conda-forge/linux-aarch64/libgomp-12.1.0-h3242a24_16.tar.bz2#1316108b547756d4e9302b8d698bd4f6
https://conda.anaconda.org/conda-forge/linux-aarch64/libstdcxx-ng-12.1.0-hd01590b_16.tar.bz2#b64391bb81cc2f914d57c0927ec8a26b
https://conda.anaconda.org/conda-forge/noarch/tzdata-2022a-h191b570_0.tar.bz2#84be5301069417a2221187d2f435e0f7
https://conda.anaconda.org/conda-forge/linux-aarch64/_openmp_mutex-4.5-2_gnu.tar.bz2#6168d71addc746e8f2b8d57dfd2edcea
https://conda.anaconda.org/conda-forge/linux-aarch64/libgfortran-ng-12.1.0-he9431aa_16.tar.bz2#69e5a58bbd94c934277f715160c1f0b5
https://conda.anaconda.org/conda-forge/linux-aarch64/libgcc-ng-12.1.0-h3242a24_16.tar.bz2#70e9f0947c17f3faf1a1974be0c110bf
https://conda.anaconda.org/conda-forge/linux-aarch64/bzip2-1.0.8-hf897c2e_4.tar.bz2#2d787570a729e273a4e75775ddf3348a
https://conda.anaconda.org/conda-forge/linux-aarch64/libffi-3.4.2-h3557bc0_5.tar.bz2#dddd85f4d52121fab0a8b099c5e06501
https://conda.anaconda.org/conda-forge/linux-aarch64/libnsl-2.0.0-hf897c2e_0.tar.bz2#36fdbc05c9d9145ece86f5a63c3f352e
https://conda.anaconda.org/conda-forge/linux-aarch64/libopenblas-0.3.20-pthreads_h6cb6f83_0.tar.bz2#1110034f2f90ca3c7ea35bf0d2eea15e
https://conda.anaconda.org/conda-forge/linux-aarch64/libuuid-2.32.1-hf897c2e_1000.tar.bz2#e038da5ef9095b0d79aac14a311394e7
https://conda.anaconda.org/conda-forge/linux-aarch64/libzlib-1.2.11-h4e544f5_1014.tar.bz2#e829241b520bfd3187d921f82e9b4460
https://conda.anaconda.org/conda-forge/linux-aarch64/ncurses-6.3-headf329_1.tar.bz2#486b68148e121bc8bbadc3cefae4c04f
https://conda.anaconda.org/conda-forge/linux-aarch64/openssl-1.1.1o-h4e544f5_0.tar.bz2#6cc5482eac2b82149aab8aabed8428e8
https://conda.anaconda.org/conda-forge/linux-aarch64/xz-5.2.5-h6dd45c4_1.tar.bz2#9da6f161d0f47f8a29fa708cda8deda2
https://conda.anaconda.org/conda-forge/linux-aarch64/libblas-3.9.0-14_linuxaarch64_openblas.tar.bz2#e8a37033814609b27d188b35c134d007
https://conda.anaconda.org/conda-forge/linux-aarch64/readline-8.1-h1a49cc3_0.tar.bz2#ccd3c3e1bde615ec934282f3481a1ede
https://conda.anaconda.org/conda-forge/linux-aarch64/tk-8.6.12-hd8af866_0.tar.bz2#7894e82ff743bd96c76585ddebe28e2a
https://conda.anaconda.org/conda-forge/linux-aarch64/zlib-1.2.11-h4e544f5_1014.tar.bz2#5d6528db5739f248a7a5749d2dba8a27
https://conda.anaconda.org/conda-forge/linux-aarch64/libcblas-3.9.0-14_linuxaarch64_openblas.tar.bz2#8a1d66921d3e7dacacc8dd3af6d5ec5f
https://conda.anaconda.org/conda-forge/linux-aarch64/liblapack-3.9.0-14_linuxaarch64_openblas.tar.bz2#1dcb7e50e399fc73824320b9ea709477
https://conda.anaconda.org/conda-forge/linux-aarch64/sqlite-3.38.5-hc74f5b8_0.tar.bz2#ac6e9256d71294f14a6aea6e1e537f37
https://conda.anaconda.org/conda-forge/linux-aarch64/python-3.10.4-h2eada40_0_cpython.tar.bz2#b31444f89d91b956fd587fa3016d42ca
https://conda.anaconda.org/conda-forge/noarch/attrs-21.4.0-pyhd8ed1ab_0.tar.bz2#f70280205d7044c8b8358c8de3190e5d
https://conda.anaconda.org/conda-forge/noarch/execnet-1.9.0-pyhd8ed1ab_0.tar.bz2#0e521f7a5e60d508b121d38b04874fb2
https://conda.anaconda.org/conda-forge/noarch/idna-3.3-pyhd8ed1ab_0.tar.bz2#40b50b8b030f5f2f22085c062ed013dd
https://conda.anaconda.org/conda-forge/noarch/iniconfig-1.1.1-pyh9f0ad1d_0.tar.bz2#39161f81cc5e5ca45b8226fbb06c6905
https://conda.anaconda.org/conda-forge/noarch/jmespath-1.0.0-pyhd8ed1ab_0.tar.bz2#e2beb2421b23e07feb2fd89e87cb512c
https://conda.anaconda.org/conda-forge/noarch/py-1.11.0-pyh6c4a22f_0.tar.bz2#b4613d7e7a493916d867842a6a148054
https://conda.anaconda.org/conda-forge/noarch/pycparser-2.21-pyhd8ed1ab_0.tar.bz2#076becd9e05608f8dc72757d5f3a91ff
https://conda.anaconda.org/conda-forge/noarch/pyparsing-3.0.9-pyhd8ed1ab_0.tar.bz2#e8fbc1b54b25f4b08281467bc13b70cc
https://conda.anaconda.org/conda-forge/linux-aarch64/python_abi-3.10-2_cp310.tar.bz2#4e485e1208a9800493aa89ec80baa625
https://conda.anaconda.org/conda-forge/noarch/pytz-2022.1-pyhd8ed1ab_0.tar.bz2#b87d66d6d3991d988fb31510c95a9267
https://conda.anaconda.org/conda-forge/noarch/six-1.16.0-pyh6c4a22f_0.tar.bz2#e5f25f8dbc060e9a8d912e432202afc2
https://conda.anaconda.org/conda-forge/noarch/sortedcontainers-2.4.0-pyhd8ed1ab_0.tar.bz2#6d6552722448103793743dabfbda532d
https://conda.anaconda.org/conda-forge/noarch/toml-0.10.2-pyhd8ed1ab_0.tar.bz2#f832c45a477c78bebd107098db465095
https://conda.anaconda.org/conda-forge/noarch/tomli-2.0.1-pyhd8ed1ab_0.tar.bz2#5844808ffab9ebdb694585b50ba02a96
https://conda.anaconda.org/conda-forge/noarch/typing_extensions-4.2.0-pyha770c72_1.tar.bz2#f0f7e024f94e23d3bfee0ab777bf335a
https://conda.anaconda.org/conda-forge/linux-aarch64/certifi-2022.5.18.1-py310h4c7bcd0_0.tar.bz2#3818305dd50196478f3f85c731243258
https://conda.anaconda.org/conda-forge/linux-aarch64/cffi-1.15.0-py310h8915cd8_0.tar.bz2#d8acf2b8ff9fffa979db2e4259281a83
https://conda.anaconda.org/conda-forge/linux-aarch64/click-8.1.3-py310h4c7bcd0_0.tar.bz2#539a52eefcc16fb3298af952e903dec3
https://conda.anaconda.org/conda-forge/linux-aarch64/coverage-6.3.3-py310hdc54845_0.tar.bz2#bb6110bb7cf2943512440fa224ec16c9
https://conda.anaconda.org/conda-forge/linux-aarch64/cython-0.29.30-py310h130cc07_0.tar.bz2#f627786b75abe42cad6328d981da9586
https://conda.anaconda.org/conda-forge/linux-aarch64/numpy-1.22.3-py310h7f880a9_2.tar.bz2#0fe33d51200aa4a308488f25f025ebb8
https://conda.anaconda.org/conda-forge/noarch/packaging-21.3-pyhd8ed1ab_0.tar.bz2#71f1ab2de48613876becddd496371c85
https://conda.anaconda.org/conda-forge/linux-aarch64/pluggy-1.0.0-py310hbbe02a8_3.tar.bz2#13b69a11a74dcd2bdbf8d4d094b5e9d3
https://conda.anaconda.org/conda-forge/linux-aarch64/psutil-5.9.1-py310h761cc84_0.tar.bz2#6e541f3b36b1240344416c32068a7d4c
https://conda.anaconda.org/conda-forge/linux-aarch64/pysocks-1.7.1-py310hbbe02a8_5.tar.bz2#7fb6663210941c3a1cc97d4526b0474d
https://conda.anaconda.org/conda-forge/noarch/python-dateutil-2.8.2-pyhd8ed1ab_0.tar.bz2#dd999d1cc9f79e67dbb855c8924c7984
https://conda.anaconda.org/conda-forge/linux-aarch64/setuptools-62.3.2-py310hbbe02a8_0.tar.bz2#a8d310463b7944bd41df57eaba7a6f06
https://conda.anaconda.org/conda-forge/linux-aarch64/brotlipy-0.7.0-py310h761cc84_1004.tar.bz2#d8556fac491a87fe87bdaa195eeaad5e
https://conda.anaconda.org/conda-forge/linux-aarch64/cryptography-37.0.2-py310h07dd38e_0.tar.bz2#4f7931f649d8da8e349457c9dca14158
https://conda.anaconda.org/conda-forge/noarch/hypothesis-6.46.7-pyhd8ed1ab_0.tar.bz2#4ccedf5e246142fe486f1c28f8414583
https://conda.anaconda.org/conda-forge/linux-aarch64/pytest-7.1.2-py310hbbe02a8_0.tar.bz2#de16b2960c8cffbf872a1eec98fadb49
https://conda.anaconda.org/conda-forge/noarch/pyopenssl-22.0.0-pyhd8ed1ab_0.tar.bz2#1d7e241dfaf5475e893d4b824bb71b44
https://conda.anaconda.org/conda-forge/noarch/pytest-asyncio-0.18.3-pyhd8ed1ab_0.tar.bz2#3c801ededfab3ac638db160f34aa578c
https://conda.anaconda.org/conda-forge/noarch/pytest-cov-3.0.0-pyhd8ed1ab_0.tar.bz2#0f7cac11bb696b62d378bde725bfc3eb
https://conda.anaconda.org/conda-forge/noarch/pytest-forked-1.4.0-pyhd8ed1ab_0.tar.bz2#95286e05a617de9ebfe3246cecbfb72f
https://conda.anaconda.org/conda-forge/noarch/pytest-xdist-2.5.0-pyhd8ed1ab_0.tar.bz2#1fdd1f3baccf0deb647385c677a1a48e
https://conda.anaconda.org/conda-forge/noarch/urllib3-1.26.9-pyhd8ed1ab_0.tar.bz2#0ea179ee251aa7100807c35bc0252693
https://conda.anaconda.org/conda-forge/noarch/botocore-1.26.5-pyhd8ed1ab_0.tar.bz2#aabb7e1d6bd7e4f66b47521ab4677978
https://conda.anaconda.org/conda-forge/noarch/s3transfer-0.5.2-pyhd8ed1ab_0.tar.bz2#9377d7f899e4a766c9f58d73e8297e1a
https://conda.anaconda.org/conda-forge/noarch/boto3-1.23.5-pyhd8ed1ab_0.tar.bz2#4d82603f4de245b5daf87bc1f97db747
