# Generated by conda-lock.
# platform: linux-64
# input_hash: f01436fa11765639d5844ad425f25323a0ed26cda993714831a0d9119c19d476
@EXPLICIT
https://conda.anaconda.org/conda-forge/linux-64/_libgcc_mutex-0.1-conda_forge.tar.bz2#d7c89558ba9fa0495403155b64376d81
https://conda.anaconda.org/conda-forge/linux-64/ca-certificates-2022.5.18.1-ha878542_0.tar.bz2#352e93bbe1d604002b11bbcf425bf866
https://conda.anaconda.org/conda-forge/noarch/kernel-headers_linux-64-2.6.32-he073ed8_15.tar.bz2#5dd5127afd710f91f6a75821bac0a4f0
https://conda.anaconda.org/conda-forge/linux-64/ld_impl_linux-64-2.36.1-hea4e1c9_2.tar.bz2#bd4f2e711b39af170e7ff15163fe87ee
https://conda.anaconda.org/conda-forge/linux-64/libgcc-devel_linux-64-10.3.0-he6cfe16_16.tar.bz2#878a30aba0574e69bd920c55f243aa06
https://conda.anaconda.org/conda-forge/linux-64/libgfortran5-12.1.0-hdcd56e2_16.tar.bz2#b02605b875559ff99f04351fd5040760
https://conda.anaconda.org/conda-forge/linux-64/libstdcxx-devel_linux-64-10.3.0-he6cfe16_16.tar.bz2#baae55f62968547a3731cb668736f611
https://conda.anaconda.org/conda-forge/linux-64/libstdcxx-ng-12.1.0-ha89aaad_16.tar.bz2#6f5ba041a41eb102a1027d9e68731be7
https://conda.anaconda.org/conda-forge/linux-64/pandoc-2.18-ha770c72_0.tar.bz2#518b07342786b362238d22f76789ed59
https://conda.anaconda.org/conda-forge/noarch/tzdata-2022a-h191b570_0.tar.bz2#84be5301069417a2221187d2f435e0f7
https://conda.anaconda.org/conda-forge/linux-64/libgfortran-ng-12.1.0-h69a702a_16.tar.bz2#6bf15e29a20f614b18ae89368260d0a2
https://conda.anaconda.org/conda-forge/linux-64/libgomp-12.1.0-h8d9b700_16.tar.bz2#f013cf7749536ce43d82afbffdf499ab
https://conda.anaconda.org/conda-forge/noarch/sysroot_linux-64-2.12-he073ed8_15.tar.bz2#66c192522eacf5bb763568b4e415d133
https://conda.anaconda.org/conda-forge/linux-64/binutils_impl_linux-64-2.36.1-h193b22a_2.tar.bz2#32aae4265554a47ea77f7c09f86aeb3b
https://conda.anaconda.org/conda-forge/linux-64/binutils-2.36.1-hdd6e379_2.tar.bz2#3111f86041b5b6863545ca49130cca95
https://conda.anaconda.org/conda-forge/linux-64/binutils_linux-64-2.36-hf3e587d_10.tar.bz2#9d5cdbfe24b182d4c749b86d500ac9d2
https://conda.anaconda.org/conda-forge/linux-64/_openmp_mutex-4.5-2_kmp_llvm.tar.bz2#562b26ba2e19059551a811e72ab7f793
https://conda.anaconda.org/conda-forge/linux-64/libgcc-ng-12.1.0-h8d9b700_16.tar.bz2#4f05bc9844f7c101e6e147dab3c88d5c
https://conda.anaconda.org/conda-forge/linux-64/abseil-cpp-20210324.2-h9c3ff4c_0.tar.bz2#baa652d7d0da41d757a31d00b4ae2c38
https://conda.anaconda.org/conda-forge/linux-64/aws-c-common-0.6.2-h7f98852_0.tar.bz2#ce69a062b3080485b760378841240634
https://conda.anaconda.org/conda-forge/linux-64/bzip2-1.0.8-h7f98852_4.tar.bz2#a1fd65c7ccbf10880423d82bca54eb54
https://conda.anaconda.org/conda-forge/linux-64/c-ares-1.18.1-h7f98852_0.tar.bz2#f26ef8098fab1f719c91eb760d63381a
https://conda.anaconda.org/conda-forge/linux-64/geos-3.10.2-h9c3ff4c_0.tar.bz2#fe9a66a351bfa7a84c3108304c7bcba5
https://conda.anaconda.org/conda-forge/linux-64/gflags-2.2.2-he1b5a44_1004.tar.bz2#cddaf2c63ea4a5901cf09524c490ecdc
https://conda.anaconda.org/conda-forge/linux-64/giflib-5.2.1-h36c2ea0_2.tar.bz2#626e68ae9cc5912d6adb79d318cf962d
https://conda.anaconda.org/conda-forge/linux-64/icu-68.2-h9c3ff4c_0.tar.bz2#6618c9b191638993f2a818c6529e1b49
https://conda.anaconda.org/conda-forge/linux-64/jbig-2.1-h7f98852_2003.tar.bz2#1aa0cee79792fa97b7ff4545110b60bf
https://conda.anaconda.org/conda-forge/linux-64/jpeg-9e-h166bdaf_1.tar.bz2#4828c7f7208321cfbede4880463f4930
https://conda.anaconda.org/conda-forge/linux-64/keyutils-1.6.1-h166bdaf_0.tar.bz2#30186d27e2c9fa62b45fb1476b7200e3
https://conda.anaconda.org/conda-forge/linux-64/lerc-3.0-h9c3ff4c_0.tar.bz2#7fcefde484980d23f0ec24c11e314d2e
https://conda.anaconda.org/conda-forge/linux-64/libbrotlicommon-1.0.9-h166bdaf_7.tar.bz2#f82dc1c78bcf73583f2656433ce2933c
https://conda.anaconda.org/conda-forge/linux-64/libcrc32c-1.1.2-h9c3ff4c_0.tar.bz2#c965a5aa0d5c1c37ffc62dff36e28400
https://conda.anaconda.org/conda-forge/linux-64/libdeflate-1.10-h7f98852_0.tar.bz2#ffa3a757a97e851293909b49f49f28fb
https://conda.anaconda.org/conda-forge/linux-64/libev-4.33-h516909a_1.tar.bz2#6f8720dff19e17ce5d48cfe7f3d2f0a3
https://conda.anaconda.org/conda-forge/linux-64/libffi-3.4.2-h7f98852_5.tar.bz2#d645c6d2ac96843a2bfaccd2d62b3ac3
https://conda.anaconda.org/conda-forge/linux-64/libiconv-1.16-h516909a_0.tar.bz2#5c0f338a513a2943c659ae619fca9211
https://conda.anaconda.org/conda-forge/linux-64/libnsl-2.0.0-h7f98852_0.tar.bz2#39b1328babf85c7c3a61636d9cd50206
https://conda.anaconda.org/conda-forge/linux-64/libsanitizer-10.3.0-h26c7422_16.tar.bz2#4076c395c7fa53cd708949e4be48154e
https://conda.anaconda.org/conda-forge/linux-64/libsodium-1.0.18-h36c2ea0_1.tar.bz2#c3788462a6fbddafdb413a9f9053e58d
https://conda.anaconda.org/conda-forge/linux-64/libutf8proc-2.7.0-h7f98852_0.tar.bz2#913570ed14b42cf48ccbba364af20302
https://conda.anaconda.org/conda-forge/linux-64/libuuid-2.32.1-h7f98852_1000.tar.bz2#772d69f030955d9646d3d0eaf21d859d
https://conda.anaconda.org/conda-forge/linux-64/libwebp-base-1.2.2-h7f98852_1.tar.bz2#46cf26ecc8775a0aab300ea1821aaa3c
https://conda.anaconda.org/conda-forge/linux-64/libzlib-1.2.11-h166bdaf_1014.tar.bz2#757138ba3ddc6777b82e91d9ff62e7b9
https://conda.anaconda.org/conda-forge/linux-64/lz4-c-1.9.3-h9c3ff4c_1.tar.bz2#fbe97e8fa6f275d7c76a09e795adc3e6
https://conda.anaconda.org/conda-forge/linux-64/lzo-2.10-h516909a_1000.tar.bz2#bb14fcb13341b81d5eb386423b9d2bac
https://conda.anaconda.org/conda-forge/linux-64/ncurses-6.3-h27087fc_1.tar.bz2#4acfc691e64342b9dae57cf2adc63238
https://conda.anaconda.org/conda-forge/linux-64/ninja-1.11.0-h924138e_0.tar.bz2#18c563c26253a21c1aa9d662e874b0cd
https://conda.anaconda.org/conda-forge/linux-64/openssl-1.1.1o-h166bdaf_0.tar.bz2#6172048796b123e542945d998f5150b7
https://conda.anaconda.org/conda-forge/linux-64/pthread-stubs-0.4-h36c2ea0_1001.tar.bz2#22dad4df6e8630e8dff2428f6f6a7036
https://conda.anaconda.org/conda-forge/linux-64/re2-2022.02.01-h9c3ff4c_0.tar.bz2#faed0a1cb9c95ed71cb15b9de1bf3afa
https://conda.anaconda.org/conda-forge/linux-64/snappy-1.1.9-hbd366e4_1.tar.bz2#418adb239781d9690afc6b1a05514c37
https://conda.anaconda.org/conda-forge/linux-64/xorg-libxau-1.0.9-h7f98852_0.tar.bz2#bf6f803a544f26ebbdc3bfff272eb179
https://conda.anaconda.org/conda-forge/linux-64/xorg-libxdmcp-1.1.3-h7f98852_0.tar.bz2#be93aabceefa2fac576e971aef407908
https://conda.anaconda.org/conda-forge/linux-64/xz-5.2.5-h516909a_1.tar.bz2#33f601066901f3e1a85af3522a8113f9
https://conda.anaconda.org/conda-forge/linux-64/yaml-0.2.5-h7f98852_2.tar.bz2#4cb3ad778ec2d5a7acbdf254eb1c42ae
https://conda.anaconda.org/conda-forge/linux-64/aws-c-cal-0.5.11-h95a6274_0.tar.bz2#d4e7b241fb22dd3d7be1171f813d5da3
https://conda.anaconda.org/conda-forge/linux-64/aws-checksums-0.1.11-ha31a3da_7.tar.bz2#2fdb96aaab883abc0766ff76c0a34483
https://conda.anaconda.org/conda-forge/linux-64/gcc_impl_linux-64-10.3.0-hf2f2afa_16.tar.bz2#a340c8ce9e702836e999984fcabd1b6e
https://conda.anaconda.org/conda-forge/linux-64/glog-0.6.0-h6f12383_0.tar.bz2#b31f3565cb84435407594e548a2fb7b2
https://conda.anaconda.org/conda-forge/linux-64/libbrotlidec-1.0.9-h166bdaf_7.tar.bz2#37a460703214d0d1b421e2a47eb5e6d0
https://conda.anaconda.org/conda-forge/linux-64/libbrotlienc-1.0.9-h166bdaf_7.tar.bz2#785a9296ea478eb78c47593c4da6550f
https://conda.anaconda.org/conda-forge/linux-64/libedit-3.1.20191231-he28a2e2_2.tar.bz2#4d331e44109e3f0e19b4cb8f9b82f3e1
https://conda.anaconda.org/conda-forge/linux-64/libevent-2.1.10-h9b69904_4.tar.bz2#390026683aef81db27ff1b8570ca1336
https://conda.anaconda.org/conda-forge/linux-64/libxcb-1.13-h7f98852_1004.tar.bz2#b3653fdc58d03face9724f602218a904
https://conda.anaconda.org/conda-forge/linux-64/llvm-openmp-14.0.3-he0ac6c6_0.tar.bz2#f3ab3fe1a6e6cef77d4d3e7523b603cb
https://conda.anaconda.org/conda-forge/linux-64/readline-8.1-h46c0cb4_0.tar.bz2#5788de3c8d7a7d64ac56c784c4ef48e6
https://conda.anaconda.org/conda-forge/linux-64/s2n-1.0.10-h9b69904_0.tar.bz2#9708c3ac26c20b4c4549cbe8fef937eb
https://conda.anaconda.org/conda-forge/linux-64/tk-8.6.12-h27826a3_0.tar.bz2#5b8c42eb62e9fc961af70bdd6a26e168
https://conda.anaconda.org/conda-forge/linux-64/zeromq-4.3.4-h9c3ff4c_1.tar.bz2#21743a8d2ea0c8cfbbf8fe489b0347df
https://conda.anaconda.org/conda-forge/linux-64/zlib-1.2.11-h166bdaf_1014.tar.bz2#def3b82d1a03aa695bb38ac1dd072ff2
https://conda.anaconda.org/conda-forge/linux-64/zstd-1.5.2-h8a70e8d_1.tar.bz2#3db63b53bb194dbaa7dc3d8833e98da2
https://conda.anaconda.org/conda-forge/linux-64/aws-c-io-0.10.5-hfb6a706_0.tar.bz2#47d6b88b0c42a8c9877f3993b49f052d
https://conda.anaconda.org/conda-forge/linux-64/blosc-1.21.1-h83bc5f7_3.tar.bz2#37baca23e60af4130cfc03e8ab9f8e22
https://conda.anaconda.org/conda-forge/linux-64/brotli-bin-1.0.9-h166bdaf_7.tar.bz2#1699c1211d56a23c66047524cd76796e
https://conda.anaconda.org/conda-forge/linux-64/gcc-10.3.0-he2824d0_10.tar.bz2#b1f092f4fdbfff91e1df27aa46efa2bb
https://conda.anaconda.org/conda-forge/linux-64/gcc_linux-64-10.3.0-hc39de41_10.tar.bz2#6e52c54509389c06f88ea74c137f75be
https://conda.anaconda.org/conda-forge/linux-64/gxx_impl_linux-64-10.3.0-hf2f2afa_16.tar.bz2#f825336ce3d4dba77ffd1edc78e7abf9
https://conda.anaconda.org/conda-forge/linux-64/krb5-1.19.3-h3790be6_0.tar.bz2#7d862b05445123144bec92cb1acc8ef8
https://conda.anaconda.org/conda-forge/linux-64/libllvm10-10.0.1-he513fc3_3.tar.bz2#b1c57947b2a9231e0cd037ab0ed96b5d
https://conda.anaconda.org/conda-forge/linux-64/libnghttp2-1.47.0-h727a467_0.tar.bz2#a22567abfea169ff8048506b1ca9b230
https://conda.anaconda.org/conda-forge/linux-64/libpng-1.6.37-h21135ba_2.tar.bz2#b6acf807307d033d4b7e758b4f44b036
https://conda.anaconda.org/conda-forge/linux-64/libprotobuf-3.19.4-h780b84a_0.tar.bz2#9ff9ab8cc887d4bdebc7c7dba641626f
https://conda.anaconda.org/conda-forge/linux-64/libssh2-1.10.0-ha56f1ee_2.tar.bz2#6ab4eaa11ff01801cffca0a27489dc04
https://conda.anaconda.org/conda-forge/linux-64/libthrift-0.16.0-h519c5ea_1.tar.bz2#f1eede77e2dab7a4392dabc746913d52
https://conda.anaconda.org/conda-forge/linux-64/libtiff-4.3.0-h542a066_3.tar.bz2#1a0efb4dfd880b0376da8e1ba39fa838
https://conda.anaconda.org/conda-forge/linux-64/libxml2-2.9.10-h72842e0_4.tar.bz2#48577b6e1605c935d7178f6694506ee9
https://conda.anaconda.org/conda-forge/linux-64/mkl-2020.4-h726a3e6_304.tar.bz2#b9b35a50e5377b19da6ec0709ae77fc3
https://conda.anaconda.org/conda-forge/linux-64/sqlite-3.38.5-h4ff8645_0.tar.bz2#a1448f0c31baec3946d2dcf09f905c9e
https://conda.anaconda.org/conda-forge/linux-64/aws-c-event-stream-0.2.7-h3541f99_13.tar.bz2#39768ba0fe69c241d54703a7f5e3119f
https://conda.anaconda.org/conda-forge/linux-64/brotli-1.0.9-h166bdaf_7.tar.bz2#3889dec08a472eb0f423e5609c76bde1
https://conda.anaconda.org/conda-forge/linux-64/c-compiler-1.4.2-h166bdaf_0.tar.bz2#d3a922efc75c5f2534372eead96d46be
https://conda.anaconda.org/conda-forge/linux-64/freetype-2.10.4-h0708190_1.tar.bz2#4a06f2ac2e5bfae7b6b245171c3f07aa
https://conda.anaconda.org/conda-forge/linux-64/grpc-cpp-1.43.2-h9e046d8_3.tar.bz2#207c94a7e383dd7bc30ef90433ef5d0b
https://conda.anaconda.org/conda-forge/linux-64/gxx-10.3.0-he2824d0_10.tar.bz2#121c9d19ecb6cf6e587c2ab8dfb5c73c
https://conda.anaconda.org/conda-forge/linux-64/gxx_linux-64-10.3.0-h2593f52_10.tar.bz2#075de70ba0493c56ed9e9cda930978ce
https://conda.anaconda.org/conda-forge/linux-64/lcms2-2.12-hddcbb42_0.tar.bz2#797117394a4aa588de6d741b06fad80f
https://conda.anaconda.org/conda-forge/linux-64/libblas-3.9.0-8_mkl.tar.bz2#00e60cc02f730434fdc532cc0be11c98
https://conda.anaconda.org/conda-forge/linux-64/libcurl-7.83.1-h7bff187_0.tar.bz2#d0c278476dba3b29ee13203784672ab1
https://conda.anaconda.org/conda-forge/linux-64/libpq-14.3-hd77ab85_0.tar.bz2#13980beea7c55e6b68db1349f25bd454
https://conda.anaconda.org/conda-forge/linux-64/libwebp-1.2.2-h3452ae3_0.tar.bz2#c363665b4aabe56aae4f8981cff5b153
https://conda.anaconda.org/conda-forge/linux-64/libxslt-1.1.33-h15afd5d_2.tar.bz2#811bb9f5437fc6a04ba30d10f7a0c3eb
https://conda.anaconda.org/conda-forge/linux-64/openjpeg-2.4.0-hb52868f_1.tar.bz2#b7ad78ad2e9ee155f59e6428406ee824
https://conda.anaconda.org/conda-forge/linux-64/orc-1.7.3-h1be678f_0.tar.bz2#390f40a6ceaa94b3b221599456168856
https://conda.anaconda.org/conda-forge/linux-64/python-3.9.12-h9a8a25e_1_cpython.tar.bz2#06dadf5df9d340439c2aa32e15099d31
https://conda.anaconda.org/conda-forge/noarch/alabaster-0.7.12-py_0.tar.bz2#2489a97287f90176ecdc3ca982b4b0a0
https://conda.anaconda.org/conda-forge/noarch/appdirs-1.4.4-pyh9f0ad1d_0.tar.bz2#5f095bc6454094e96f146491fd03633b
https://conda.anaconda.org/conda-forge/noarch/asn1crypto-1.5.1-pyhd8ed1ab_0.tar.bz2#f3f2ab3ce28979a24d1a988ba211eb9b
https://conda.anaconda.org/conda-forge/noarch/attrs-21.4.0-pyhd8ed1ab_0.tar.bz2#f70280205d7044c8b8358c8de3190e5d
https://conda.anaconda.org/conda-forge/linux-64/aws-sdk-cpp-1.8.186-hb4091e7_3.tar.bz2#3c08d9ee5cb4fe57774405a429f12351
https://conda.anaconda.org/conda-forge/noarch/backcall-0.2.0-pyh9f0ad1d_0.tar.bz2#6006a6d08a3fa99268a2681c7fb55213
https://conda.anaconda.org/conda-forge/noarch/backports-1.0-py_2.tar.bz2#0da16b293affa6ac31812376f8eb79dd
https://conda.anaconda.org/conda-forge/noarch/blinker-1.4-py_1.tar.bz2#fa509a09190583f869ae442bf4d17f5f
https://conda.anaconda.org/conda-forge/noarch/cachetools-4.2.4-pyhd8ed1ab_0.tar.bz2#059a8732c1d81ffc93997cb8a236331f
https://conda.anaconda.org/conda-forge/noarch/cfgv-3.3.1-pyhd8ed1ab_0.tar.bz2#ebb5f5f7dc4f1a3780ef7ea7738db08c
https://conda.anaconda.org/conda-forge/noarch/charset-normalizer-2.0.12-pyhd8ed1ab_0.tar.bz2#1f5b32dabae0f1893ae3283dac7f799e
https://conda.anaconda.org/conda-forge/noarch/cloudpickle-2.1.0-pyhd8ed1ab_0.tar.bz2#f7551a8a008dfad2b7ac9662dd124614
https://conda.anaconda.org/conda-forge/noarch/colorama-0.4.4-pyh9f0ad1d_0.tar.bz2#c08b4c1326b880ed44f3ffb04803332f
https://conda.anaconda.org/conda-forge/linux-64/cxx-compiler-1.4.2-h924138e_0.tar.bz2#40b38afc72b4f12be8a2ca29853b03ac
https://conda.anaconda.org/conda-forge/noarch/cycler-0.11.0-pyhd8ed1ab_0.tar.bz2#a50559fad0affdbb33729a68669ca1cb
https://conda.anaconda.org/conda-forge/noarch/decorator-5.1.1-pyhd8ed1ab_0.tar.bz2#43afe5ab04e35e17ba28649471dd7364
https://conda.anaconda.org/conda-forge/noarch/defusedxml-0.7.1-pyhd8ed1ab_0.tar.bz2#961b3a227b437d82ad7054484cfa71b2
https://conda.anaconda.org/conda-forge/noarch/distlib-0.3.4-pyhd8ed1ab_0.tar.bz2#7b50d840543d9cdae100e91582c33035
https://conda.anaconda.org/conda-forge/noarch/entrypoints-0.4-pyhd8ed1ab_0.tar.bz2#3cf04868fee0a029769bd41f4b2fbf2d
https://conda.anaconda.org/conda-forge/noarch/et_xmlfile-1.0.1-py_1001.tar.bz2#2ca571121f480d1c2b90782463924873
https://conda.anaconda.org/conda-forge/noarch/execnet-1.9.0-pyhd8ed1ab_0.tar.bz2#0e521f7a5e60d508b121d38b04874fb2
https://conda.anaconda.org/conda-forge/noarch/executing-0.8.3-pyhd8ed1ab_0.tar.bz2#8d70f4543c1f701b946f85e9f9a00800
https://conda.anaconda.org/conda-forge/noarch/filelock-3.7.0-pyhd8ed1ab_0.tar.bz2#cfb94034fcdfc80b61164878dc677a8d
https://conda.anaconda.org/conda-forge/noarch/flit-core-3.7.1-pyhd8ed1ab_0.tar.bz2#f93822cba5c20161560661988a88f2c0
https://conda.anaconda.org/conda-forge/noarch/fsspec-2021.11.0-pyhd8ed1ab_0.tar.bz2#4dc640d7025327ae332e7ff3658ade6e
https://conda.anaconda.org/conda-forge/linux-64/hdf5-1.12.1-nompi_h2386368_104.tar.bz2#9607caa4c7df524ab6ddf6005ffa6731
https://conda.anaconda.org/conda-forge/noarch/idna-3.3-pyhd8ed1ab_0.tar.bz2#40b50b8b030f5f2f22085c062ed013dd
https://conda.anaconda.org/conda-forge/noarch/imagesize-1.3.0-pyhd8ed1ab_0.tar.bz2#be807e7606fff9436e5e700f6bffb7c6
https://conda.anaconda.org/conda-forge/noarch/iniconfig-1.1.1-pyh9f0ad1d_0.tar.bz2#39161f81cc5e5ca45b8226fbb06c6905
https://conda.anaconda.org/conda-forge/noarch/ipython_genutils-0.2.0-py_1.tar.bz2#5071c982548b3a20caf70462f04f5287
https://conda.anaconda.org/conda-forge/noarch/itsdangerous-2.1.2-pyhd8ed1ab_0.tar.bz2#3c3de74912f11d2b590184f03c7cd09b
https://conda.anaconda.org/conda-forge/noarch/jmespath-0.10.0-pyh9f0ad1d_0.tar.bz2#5988f73e79824c7900954539fbfad3fa
https://conda.anaconda.org/conda-forge/noarch/jsondiff-2.0.0-pyhd8ed1ab_0.tar.bz2#737c0737e5d262688097097534fb1bd5
https://conda.anaconda.org/conda-forge/noarch/jsonpointer-2.0-py_0.tar.bz2#07d85c22a3beb102a48cd123df84c2a6
https://conda.anaconda.org/conda-forge/noarch/jupyterlab_widgets-1.1.0-pyhd8ed1ab_0.tar.bz2#e963a4a39cf442dbe5503f66edda083d
https://conda.anaconda.org/conda-forge/linux-64/libcblas-3.9.0-8_mkl.tar.bz2#9f1aa95bf795cc168ee500a39e0ce3a1
https://conda.anaconda.org/conda-forge/linux-64/libgoogle-cloud-1.36.0-h6945097_0.tar.bz2#2c59ab40c22f2fc0d0eaaea6161537c5
https://conda.anaconda.org/conda-forge/linux-64/liblapack-3.9.0-8_mkl.tar.bz2#2bd1d6d072bcd2e94517a977cd5e3316
https://conda.anaconda.org/conda-forge/noarch/locket-1.0.0-pyhd8ed1ab_0.tar.bz2#91e27ef3d05cc772ce627e51cff111c4
https://conda.anaconda.org/conda-forge/noarch/mccabe-0.6.1-py_1.tar.bz2#a326cb400c1ccd91789f3e7d02124d61
https://conda.anaconda.org/conda-forge/noarch/munkres-1.1.4-pyh9f0ad1d_0.tar.bz2#2ba8498c1018c1e9c61eb99b973dfe19
https://conda.anaconda.org/conda-forge/noarch/natsort-8.1.0-pyhd8ed1ab_0.tar.bz2#e9aca195673d2379d95b7294555365a2
https://conda.anaconda.org/conda-forge/noarch/nest-asyncio-1.5.5-pyhd8ed1ab_0.tar.bz2#dc36c992aec485c0efff619ed2e63957
https://conda.anaconda.org/conda-forge/noarch/networkx-2.8.1-pyhd8ed1ab_0.tar.bz2#e4a2923d333422f20139cafbbf6b2194
https://conda.anaconda.org/conda-forge/noarch/pandocfilters-1.5.0-pyhd8ed1ab_0.tar.bz2#457c2c8c08e54905d6954e79cb5b5db9
https://conda.anaconda.org/conda-forge/noarch/parso-0.8.3-pyhd8ed1ab_0.tar.bz2#17a565a0c3899244e938cdf417e7b094
https://conda.anaconda.org/conda-forge/noarch/pickleshare-0.7.5-py_1003.tar.bz2#415f0ebb6198cc2801c73438a9fb5761
https://conda.anaconda.org/conda-forge/noarch/platformdirs-2.5.1-pyhd8ed1ab_0.tar.bz2#d5df87964a39f67c46a5448f4e78d9b6
https://conda.anaconda.org/conda-forge/linux-64/proj-9.0.0-h93bde94_1.tar.bz2#cf908994f24ea526afc59f295d5b07c1
https://conda.anaconda.org/conda-forge/noarch/prometheus_client-0.14.1-pyhd8ed1ab_0.tar.bz2#b7fa7d86530b8de805268e48988eb483
https://conda.anaconda.org/conda-forge/noarch/ptyprocess-0.7.0-pyhd3deb0d_0.tar.bz2#359eeb6536da0e687af562ed265ec263
https://conda.anaconda.org/conda-forge/noarch/pure_eval-0.2.2-pyhd8ed1ab_0.tar.bz2#6784285c7e55cb7212efabc79e4c2883
https://conda.anaconda.org/conda-forge/noarch/py-1.11.0-pyh6c4a22f_0.tar.bz2#b4613d7e7a493916d867842a6a148054
https://conda.anaconda.org/conda-forge/noarch/pyasn1-0.4.8-py_0.tar.bz2#06d04c9f8f72ac77911db942eda24fb9
https://conda.anaconda.org/conda-forge/noarch/pycodestyle-2.8.0-pyhd8ed1ab_0.tar.bz2#f2532eee272d45b1283ea4869d71f044
https://conda.anaconda.org/conda-forge/noarch/pycparser-2.21-pyhd8ed1ab_0.tar.bz2#076becd9e05608f8dc72757d5f3a91ff
https://conda.anaconda.org/conda-forge/noarch/pyflakes-2.4.0-pyhd8ed1ab_0.tar.bz2#1aa3ecd37d0694e2ea5fef48da75371e
https://conda.anaconda.org/conda-forge/noarch/pyjwt-2.4.0-pyhd8ed1ab_0.tar.bz2#9620c5c6170db8f9570777bfb6244088
https://conda.anaconda.org/conda-forge/noarch/pymysql-1.0.2-pyhd8ed1ab_0.tar.bz2#6b3c16769e390b5b60729d2eb46b8144
https://conda.anaconda.org/conda-forge/noarch/pyparsing-3.0.9-pyhd8ed1ab_0.tar.bz2#e8fbc1b54b25f4b08281467bc13b70cc
https://conda.anaconda.org/conda-forge/noarch/python-fastjsonschema-2.15.3-pyhd8ed1ab_0.tar.bz2#fae309d1cc996da1f63de9d321e65e27
https://conda.anaconda.org/conda-forge/linux-64/python_abi-3.9-2_cp39.tar.bz2#39adde4247484de2bb4000122fdcf665
https://conda.anaconda.org/conda-forge/noarch/pytz-2022.1-pyhd8ed1ab_0.tar.bz2#b87d66d6d3991d988fb31510c95a9267
https://conda.anaconda.org/conda-forge/noarch/pyxlsb-1.0.9-pyhd8ed1ab_0.tar.bz2#293f12affee32e3f3f445afc882ed282
https://conda.anaconda.org/conda-forge/noarch/send2trash-1.8.0-pyhd8ed1ab_0.tar.bz2#edab14119efe85c3bf131ad747e9005c
https://conda.anaconda.org/conda-forge/noarch/sgmllib3k-1.0.0-pyh9f0ad1d_0.tar.bz2#e741c12e1b51e1885b1b38f2180ac38f
https://conda.anaconda.org/conda-forge/noarch/six-1.16.0-pyh6c4a22f_0.tar.bz2#e5f25f8dbc060e9a8d912e432202afc2
https://conda.anaconda.org/conda-forge/noarch/smmap-3.0.5-pyh44b312d_0.tar.bz2#3a8dc70789709aa315325d5df06fb7e4
https://conda.anaconda.org/conda-forge/noarch/snowballstemmer-2.2.0-pyhd8ed1ab_0.tar.bz2#4d22a9315e78c6827f806065957d566e
https://conda.anaconda.org/conda-forge/noarch/sortedcontainers-2.4.0-pyhd8ed1ab_0.tar.bz2#6d6552722448103793743dabfbda532d
https://conda.anaconda.org/conda-forge/noarch/soupsieve-2.3.1-pyhd8ed1ab_0.tar.bz2#d821b295c4bd18ad27e1e19543a5784a
https://conda.anaconda.org/conda-forge/noarch/sphinxcontrib-applehelp-1.0.2-py_0.tar.bz2#20b2eaeaeea4ef9a9a0d99770620fd09
https://conda.anaconda.org/conda-forge/noarch/sphinxcontrib-devhelp-1.0.2-py_0.tar.bz2#68e01cac9d38d0e717cd5c87bc3d2cc9
https://conda.anaconda.org/conda-forge/noarch/sphinxcontrib-htmlhelp-2.0.0-pyhd8ed1ab_0.tar.bz2#77dad82eb9c8c1525ff7953e0756d708
https://conda.anaconda.org/conda-forge/noarch/sphinxcontrib-jsmath-1.0.1-py_0.tar.bz2#67cd9d9c0382d37479b4d306c369a2d4
https://conda.anaconda.org/conda-forge/noarch/sphinxcontrib-qthelp-1.0.3-py_0.tar.bz2#d01180388e6d1838c3e1ad029590aa7a
https://conda.anaconda.org/conda-forge/noarch/sphinxcontrib-serializinghtml-1.1.5-pyhd8ed1ab_2.tar.bz2#9ff55a0901cf952f05c654394de76bf7
https://conda.anaconda.org/conda-forge/noarch/tabulate-0.8.9-pyhd8ed1ab_0.tar.bz2#ee657dbe69e892aeccde7cabb4edf261
https://conda.anaconda.org/conda-forge/noarch/threadpoolctl-3.1.0-pyh8a188c0_0.tar.bz2#a2995ee828f65687ac5b1e71a2ab1e0c
https://conda.anaconda.org/conda-forge/noarch/toml-0.10.2-pyhd8ed1ab_0.tar.bz2#f832c45a477c78bebd107098db465095
https://conda.anaconda.org/conda-forge/noarch/tomli-2.0.1-pyhd8ed1ab_0.tar.bz2#5844808ffab9ebdb694585b50ba02a96
https://conda.anaconda.org/conda-forge/noarch/toolz-0.11.2-pyhd8ed1ab_0.tar.bz2#f348d1590550371edfac5ed3c1d44f7e
https://conda.anaconda.org/conda-forge/noarch/traitlets-5.2.1.post0-pyhd8ed1ab_0.tar.bz2#2d5189768c7b0bd336e913123477f0e9
https://conda.anaconda.org/conda-forge/noarch/types-pymysql-1.0.19-pyhd8ed1ab_0.tar.bz2#d1ceb9c33759e5f9557a4c6d692a0abe
https://conda.anaconda.org/conda-forge/noarch/types-python-dateutil-2.8.16-pyhd8ed1ab_0.tar.bz2#b692c445bda1e4509608872e84246c25
https://conda.anaconda.org/conda-forge/noarch/types-pytz-2021.3.8-pyhd8ed1ab_0.tar.bz2#193bb38481eae6df3247e2d1adc149bd
https://conda.anaconda.org/conda-forge/noarch/types-setuptools-57.4.14-pyhd8ed1ab_0.tar.bz2#a3e680258dc4fc2e7ffac0ad5f88e965
https://conda.anaconda.org/conda-forge/noarch/typing_extensions-4.2.0-pyha770c72_1.tar.bz2#f0f7e024f94e23d3bfee0ab777bf335a
https://conda.anaconda.org/conda-forge/noarch/webencodings-0.5.1-py_1.tar.bz2#3563be4c5611a44210d9ba0c16113136
https://conda.anaconda.org/conda-forge/noarch/websocket-client-1.3.2-pyhd8ed1ab_0.tar.bz2#da6f472c62b4eda0caf05e223729efcd
https://conda.anaconda.org/conda-forge/noarch/werkzeug-2.1.2-pyhd8ed1ab_1.tar.bz2#6dfc61103f2c33a6c875b93d82875c10
https://conda.anaconda.org/conda-forge/noarch/wheel-0.37.1-pyhd8ed1ab_0.tar.bz2#1ca02aaf78d9c70d9a81a3bed5752022
https://conda.anaconda.org/conda-forge/noarch/xlrd-2.0.1-pyhd8ed1ab_3.tar.bz2#97dfcd5ff030d829b55f67e82f928093
https://conda.anaconda.org/conda-forge/noarch/xlsxwriter-1.4.5-pyhd8ed1ab_0.tar.bz2#edd920be63597d7d79b648012e9e9b3c
https://conda.anaconda.org/conda-forge/noarch/xlwt-1.3.0-py_1.tar.bz2#deb0fb0c5977e3aa33050a9c405842a4
https://conda.anaconda.org/conda-forge/noarch/xmltodict-0.13.0-pyhd8ed1ab_0.tar.bz2#b5b33faed6ed2b4ba47a690b8f5c0818
https://conda.anaconda.org/conda-forge/noarch/zipp-3.8.0-pyhd8ed1ab_0.tar.bz2#050b94cf4a8c760656e51d2d44e4632c
https://conda.anaconda.org/conda-forge/noarch/aioitertools-0.10.0-pyhd8ed1ab_0.tar.bz2#d4bf18928b186606eb4f7d413d18ffc0
https://conda.anaconda.org/conda-forge/noarch/asttokens-2.0.5-pyhd8ed1ab_0.tar.bz2#74badce16f060701fee55c39332f5253
https://conda.anaconda.org/conda-forge/noarch/babel-2.10.1-pyhd8ed1ab_0.tar.bz2#2ec70a4a964b696170d730466c668f60
https://conda.anaconda.org/conda-forge/noarch/beautifulsoup4-4.11.1-pyha770c72_0.tar.bz2#eeec8814bd97b2681f708bb127478d7d
https://conda.anaconda.org/conda-forge/linux-64/certifi-2022.5.18.1-py39hf3d152e_0.tar.bz2#c6f766c4abf9207215c610187e61381a
https://conda.anaconda.org/conda-forge/linux-64/cffi-1.15.0-py39h4bc2ebd_0.tar.bz2#f6191bf565dee581e77549d63737751c
https://conda.anaconda.org/conda-forge/linux-64/click-8.1.3-py39hf3d152e_0.tar.bz2#40edd9ebc04e4b4ec27c1008e5e3f99d
https://conda.anaconda.org/conda-forge/linux-64/coverage-6.3.3-py39hb9d737c_0.tar.bz2#85d0e20c3f5a8aba1e1b454493bfffdf
https://conda.anaconda.org/conda-forge/linux-64/cramjam-2.5.0-py39h860a657_0.tar.bz2#0e5fec34921100b539559b43b4c8d5e1
https://conda.anaconda.org/conda-forge/linux-64/cython-0.29.24-py39he80948d_1.tar.bz2#fa76334e184bbc6a1deb73462009960a
https://conda.anaconda.org/conda-forge/linux-64/debugpy-1.6.0-py39h5a03fae_0.tar.bz2#93ec11c7d7b7a2ff559f653dc9ca1e2b
https://conda.anaconda.org/conda-forge/noarch/docker-pycreds-0.4.0-py_0.tar.bz2#c69f19038efee4eb534623610d0c2053
https://conda.anaconda.org/conda-forge/linux-64/docutils-0.17.1-py39hf3d152e_2.tar.bz2#fea5dea40592ea943aa56f4935308ee4
https://conda.anaconda.org/conda-forge/noarch/ecdsa-0.17.0-pyhd8ed1ab_0.tar.bz2#d321be07fbea84b869762413fd80fad4
https://conda.anaconda.org/conda-forge/linux-64/fastavro-1.4.12-py39hb9d737c_0.tar.bz2#d8b4743fa362927e6dd84d55a65ee7b0
https://conda.anaconda.org/conda-forge/noarch/feedparser-6.0.10-pyhd8ed1ab_0.tar.bz2#f6f906ad0b6102059c4c112cb50fed2a
https://conda.anaconda.org/conda-forge/linux-64/frozenlist-1.3.0-py39hb9d737c_1.tar.bz2#bda6570318c036a48f8d8b694ca59dbd
https://conda.anaconda.org/conda-forge/linux-64/future-0.18.2-py39hf3d152e_5.tar.bz2#0059012dc86a9af7ffdc4ea4eaae6738
https://conda.anaconda.org/conda-forge/noarch/gitdb-4.0.9-pyhd8ed1ab_0.tar.bz2#40fc6b14a45dee3a3fd9f302d026108e
https://conda.anaconda.org/conda-forge/noarch/graphql-core-3.2.1-pyhd8ed1ab_0.tar.bz2#d3641a0cd477a56cf13b7f7a5bb9e933
https://conda.anaconda.org/conda-forge/linux-64/greenlet-1.1.2-py39h5a03fae_2.tar.bz2#d7d11bc86d42472816cfb0f9f27da0ad
https://conda.anaconda.org/conda-forge/noarch/html5lib-1.1-pyh9f0ad1d_0.tar.bz2#b2355343d6315c892543200231d7154a
https://conda.anaconda.org/conda-forge/linux-64/importlib-metadata-4.11.3-py39hf3d152e_1.tar.bz2#fbcc5eab83e938242d70834ad70a8f20
https://conda.anaconda.org/conda-forge/noarch/importlib_resources-3.3.1-pyhd8ed1ab_1.tar.bz2#24dd95143fc4f3898143c93a6d5a5d41
https://conda.anaconda.org/conda-forge/linux-64/jedi-0.18.1-py39hf3d152e_1.tar.bz2#941922f60b68bc6768c9360afb94d138
https://conda.anaconda.org/conda-forge/noarch/jsonpatch-1.32-pyhd8ed1ab_0.tar.bz2#09150b51b0528a31a0f6500b96fdde82
https://conda.anaconda.org/conda-forge/noarch/junit-xml-1.9-pyh9f0ad1d_0.tar.bz2#7b503c6c097fa8677d6ff17d2bfb623f
https://conda.anaconda.org/conda-forge/linux-64/jupyter_core-4.10.0-py39hf3d152e_0.tar.bz2#11b172b21d557081dc622fc0c4f9cfa2
https://conda.anaconda.org/conda-forge/linux-64/kiwisolver-1.4.2-py39hf939315_1.tar.bz2#93232e4148e28b2665c16e573747a874
https://conda.anaconda.org/conda-forge/linux-64/llvmlite-0.36.0-py39h1bbdace_0.tar.bz2#3e984c80716bef5e6eeee46813d51393
https://conda.anaconda.org/conda-forge/linux-64/lxml-4.8.0-py39hb9d737c_3.tar.bz2#b2e9b0f987bd242c80d7dfda003a2c39
https://conda.anaconda.org/conda-forge/linux-64/markupsafe-2.1.1-py39hb9d737c_1.tar.bz2#7cda413e43b252044a270c2477031c5c
https://conda.anaconda.org/conda-forge/noarch/matplotlib-inline-0.1.3-pyhd8ed1ab_0.tar.bz2#be3bfd435802d2c768c6b2439f325f3d
https://conda.anaconda.org/conda-forge/linux-64/mistune-0.8.4-py39h3811e60_1005.tar.bz2#95eb8cbf40bccdcb34888c9e56371570
https://conda.anaconda.org/conda-forge/linux-64/multidict-6.0.2-py39hb9d737c_1.tar.bz2#f13f8563cbabc9e3ed69037257124f5d
https://conda.anaconda.org/conda-forge/linux-64/mypy_extensions-0.4.3-py39hf3d152e_5.tar.bz2#fc7500ebc3299b6f4a66652fa83f627e
https://conda.anaconda.org/conda-forge/linux-64/numpy-1.22.3-py39hc58783e_2.tar.bz2#e682ad4e85c7fda7dd0f0283d3b2ae8e
https://conda.anaconda.org/conda-forge/noarch/odfpy-1.4.1-py_0.tar.bz2#831845e524d1d4cbb3b29f22be1ea597
https://conda.anaconda.org/conda-forge/noarch/openpyxl-3.0.9-pyhd8ed1ab_0.tar.bz2#e3006b1924f1d2e6e01b55c820d8e5a0
https://conda.anaconda.org/conda-forge/noarch/packaging-21.3-pyhd8ed1ab_0.tar.bz2#71f1ab2de48613876becddd496371c85
https://conda.anaconda.org/conda-forge/noarch/partd-1.2.0-pyhd8ed1ab_0.tar.bz2#0c32f563d7f22e3a34c95cad8cc95651
https://conda.anaconda.org/conda-forge/noarch/pexpect-4.8.0-pyh9f0ad1d_2.tar.bz2#5909e7b978141dd80d28dbf9de627827
https://conda.anaconda.org/conda-forge/linux-64/pillow-9.1.1-py39hae2aec6_0.tar.bz2#795b91dbac91f606bd0abc466bdef572
https://conda.anaconda.org/conda-forge/linux-64/pluggy-1.0.0-py39hf3d152e_3.tar.bz2#c375c89340e563053f3656c7f134d265
https://conda.anaconda.org/conda-forge/linux-64/psutil-5.9.1-py39hb9d737c_0.tar.bz2#5852c69cad74811dc3c95f9ab6a184ef
https://conda.anaconda.org/conda-forge/linux-64/psycopg2-2.9.3-py39h3811e60_0.tar.bz2#47803c2d3f5c12038427d04822b3a8a0
https://conda.anaconda.org/conda-forge/noarch/pyasn1-modules-0.2.7-py_0.tar.bz2#ad1e886d09700b2304975335f714bd9c
https://conda.anaconda.org/conda-forge/linux-64/pyrsistent-0.18.1-py39hb9d737c_1.tar.bz2#e2575d7508c7933047544ac7a15e021d
https://conda.anaconda.org/conda-forge/linux-64/pysocks-1.7.1-py39hf3d152e_5.tar.bz2#d34b97a2386932b97c7cb80916a673e7
https://conda.anaconda.org/conda-forge/linux-64/python-blosc-1.10.2-py39hde0f152_2.tar.bz2#b5391997d8cc0e7627bf959515c4543c
https://conda.anaconda.org/conda-forge/noarch/python-dateutil-2.8.2-pyhd8ed1ab_0.tar.bz2#dd999d1cc9f79e67dbb855c8924c7984
https://conda.anaconda.org/conda-forge/linux-64/python-snappy-0.6.0-py39he8e2bb5_2.tar.bz2#7ea1b41003d5169c3a785a5f1aad7fbb
https://conda.anaconda.org/conda-forge/noarch/pyu2f-0.1.5-pyhd8ed1ab_0.tar.bz2#caabbeaa83928d0c3e3949261daa18eb
https://conda.anaconda.org/conda-forge/linux-64/pyyaml-6.0-py39hb9d737c_4.tar.bz2#dcc47a3b751508507183d17e569805e5
https://conda.anaconda.org/conda-forge/linux-64/pyzmq-23.0.0-py39headdf64_0.tar.bz2#2d0ca2531427f9db2064f0370658f5e5
https://conda.anaconda.org/conda-forge/noarch/rsa-4.8-pyhd8ed1ab_0.tar.bz2#0fdcca8ad4e0e66bde199c40f2d1019a
https://conda.anaconda.org/conda-forge/linux-64/setuptools-62.3.2-py39hf3d152e_0.tar.bz2#3f81b2509daf345842e7a243f5b86ece
https://conda.anaconda.org/conda-forge/noarch/tinycss2-1.1.1-pyhd8ed1ab_0.tar.bz2#5d280406501e79dc7aa9c9ac31d25a80
https://conda.anaconda.org/conda-forge/linux-64/tornado-6.1-py39hb9d737c_3.tar.bz2#5e13a2d214ed4184969df363a1aab420
https://conda.anaconda.org/conda-forge/noarch/tqdm-4.64.0-pyhd8ed1ab_0.tar.bz2#6642233f341e1900d0c8e6eddb979c14
https://conda.anaconda.org/conda-forge/noarch/typing-extensions-4.2.0-hd8ed1ab_1.tar.bz2#6d9d7480c5780514779967be2ee8b963
https://conda.anaconda.org/conda-forge/linux-64/unicodedata2-14.0.0-py39hb9d737c_1.tar.bz2#ef84376736d1e8a814ccb06d1d814e6f
https://conda.anaconda.org/conda-forge/linux-64/virtualenv-20.14.1-py39hf3d152e_0.tar.bz2#6d7e213edf6669391700946201a63bc0
https://conda.anaconda.org/conda-forge/linux-64/wrapt-1.14.1-py39hb9d737c_0.tar.bz2#25a4f17bf308bc36a15ebe63c3864ac7
https://conda.anaconda.org/conda-forge/noarch/aiosignal-1.2.0-pyhd8ed1ab_0.tar.bz2#68c9a0ab410c72abd24cbaac57703519
https://conda.anaconda.org/conda-forge/linux-64/argon2-cffi-bindings-21.2.0-py39hb9d737c_2.tar.bz2#76139de3552a2046135eb0b2d02a9c85
https://conda.anaconda.org/conda-forge/linux-64/arrow-cpp-7.0.0-py39heccc63a_6_cpu.tar.bz2#1475d1778c97276c48b2db49c9a56231
https://conda.anaconda.org/conda-forge/linux-64/asv-0.5.1-py39he80948d_0.tar.bz2#63faec8716d7bf9c45f129daabad0b3a
https://conda.anaconda.org/conda-forge/noarch/async-timeout-4.0.2-pyhd8ed1ab_0.tar.bz2#25e79f9a1133556671becbd65a170c78
https://conda.anaconda.org/conda-forge/noarch/backports.functools_lru_cache-1.6.4-pyhd8ed1ab_0.tar.bz2#c5b3edc62d6309088f4970b3eaaa65a6
https://conda.anaconda.org/conda-forge/noarch/bleach-5.0.0-pyhd8ed1ab_0.tar.bz2#2a2ae7c56b8f72caba261363407b484a
https://conda.anaconda.org/conda-forge/linux-64/bottleneck-1.3.4-py39hd257fcd_1.tar.bz2#d73b5da2a850eb047a358e97780e29d7
https://conda.anaconda.org/conda-forge/linux-64/brotlipy-0.7.0-py39hb9d737c_1004.tar.bz2#05a99367d885ec9990f25e74128a8a08
https://conda.anaconda.org/conda-forge/linux-64/cftime-1.6.0-py39hd257fcd_1.tar.bz2#d7acdd66aea024ddf51a957e006305f0
https://conda.anaconda.org/conda-forge/linux-64/cryptography-37.0.2-py39hd97740a_0.tar.bz2#11780968ae65fdeb1a0bc294d211597d
https://conda.anaconda.org/conda-forge/noarch/dask-core-2022.5.0-pyhd8ed1ab_0.tar.bz2#3aef8ad6f9af56117e959a53cb9b9fd1
https://conda.anaconda.org/conda-forge/noarch/flake8-4.0.1-pyhd8ed1ab_2.tar.bz2#a824bd55ce47e9c637427f730c651231
https://conda.anaconda.org/conda-forge/linux-64/fonttools-4.33.3-py39hb9d737c_0.tar.bz2#43f3c538bbcf6ed0da225891e11bf0a8
https://conda.anaconda.org/conda-forge/noarch/gitpython-3.1.27-pyhd8ed1ab_0.tar.bz2#20acbaab17a50ac9b64138eb9a0e1af8
https://conda.anaconda.org/conda-forge/linux-64/google-crc32c-1.1.2-py39h8db88ab_3.tar.bz2#a8cc6ad11724b4b445c5f6201536d6dc
https://conda.anaconda.org/conda-forge/linux-64/grpcio-1.46.3-py39h0f497a6_0.tar.bz2#28f3efc227ee8d0f355d1310fd79c715
https://conda.anaconda.org/conda-forge/noarch/hypothesis-6.46.7-pyhd8ed1ab_0.tar.bz2#4ccedf5e246142fe486f1c28f8414583
https://conda.anaconda.org/conda-forge/noarch/importlib_metadata-4.11.3-hd8ed1ab_1.tar.bz2#bd6b6ae37c03e68061574d5e32fe5bd1
https://conda.anaconda.org/conda-forge/noarch/jinja2-3.0.3-pyhd8ed1ab_0.tar.bz2#036d872c653780cb26e797e2e2f61b4c
https://conda.anaconda.org/conda-forge/noarch/joblib-1.1.0-pyhd8ed1ab_0.tar.bz2#07d1b5c8cde14d95998fd4767e1e62d2
https://conda.anaconda.org/conda-forge/noarch/jsonschema-3.2.0-pyhd8ed1ab_3.tar.bz2#66125e28711d8ffc04a207a2b170316d
https://conda.anaconda.org/conda-forge/noarch/jupyter_client-7.3.1-pyhd8ed1ab_0.tar.bz2#38481a37ead8c37d2ad7b52d3bc2b0a7
https://conda.anaconda.org/conda-forge/noarch/markdown-3.3.7-pyhd8ed1ab_0.tar.bz2#0a0bed31742342688a8570b3b8a50f36
https://conda.anaconda.org/conda-forge/linux-64/mypy-0.950-py39hb9d737c_0.tar.bz2#3ac040f4a59a332b9d50016c2acc7097
https://conda.anaconda.org/conda-forge/noarch/nodeenv-1.6.0-pyhd8ed1ab_0.tar.bz2#0941325bf48969e2b3b19d0951740950
https://conda.anaconda.org/conda-forge/linux-64/numba-0.53.1-py39h56b8d98_1.tar.bz2#2b8674a6cb39ccd00833311aae90640e
https://conda.anaconda.org/conda-forge/linux-64/numexpr-2.7.3-py39hde0f152_1.tar.bz2#e051d36f45890ce95f7b30bd615815dd
https://conda.anaconda.org/conda-forge/linux-64/pandas-1.4.2-py39h1832856_1.tar.bz2#264505bcd299b8d564195cfb3e6038f0
https://conda.anaconda.org/conda-forge/noarch/pip-22.1.1-pyhd8ed1ab_0.tar.bz2#6affaf2f490f479c73d819735f80a104
https://conda.anaconda.org/conda-forge/linux-64/protobuf-3.19.4-py39he80948d_0.tar.bz2#f4ba2e73188886c1f1de8ececafa583e
https://conda.anaconda.org/conda-forge/noarch/pygments-2.12.0-pyhd8ed1ab_0.tar.bz2#cb27e2ded147e5bcc7eafc1c6d343cb3
https://conda.anaconda.org/conda-forge/linux-64/pyproj-3.3.1-py39hcadae2f_0.tar.bz2#6a018c45d1411f8ac44a057130f04836
https://conda.anaconda.org/conda-forge/linux-64/pytest-6.2.5-py39hf3d152e_2.tar.bz2#b88777273800a6df2120fbcfa4d60569
https://conda.anaconda.org/conda-forge/linux-64/pytorch-1.7.1-cpu_py39h714fb45_2.tar.bz2#79639f8c4d0e76429cd0ca160285771c
https://conda.anaconda.org/conda-forge/linux-64/scipy-1.8.1-py39he49c0e8_0.tar.bz2#b1b4cc4216e555168e88d6a2b1914af1
https://conda.anaconda.org/conda-forge/linux-64/shapely-1.8.2-py39h73b9895_1.tar.bz2#a7d3410bc1ab9bb4294e0aaa26b29014
https://conda.anaconda.org/conda-forge/linux-64/sqlalchemy-1.4.36-py39hb9d737c_0.tar.bz2#e432937ad2a6822f770c1a925a08200c
https://conda.anaconda.org/conda-forge/noarch/stack_data-0.2.0-pyhd8ed1ab_0.tar.bz2#8c0ce3e6bf18a0c810125aef58a2a6f3
https://conda.anaconda.org/conda-forge/linux-64/terminado-0.15.0-py39hf3d152e_0.tar.bz2#730dbb75c94cebe9c6cfc874f5eb01c1
https://conda.anaconda.org/conda-forge/noarch/typing_inspect-0.7.1-pyh6c4a22f_0.tar.bz2#b8f1e0268694b3542066eee7e79515f7
https://conda.anaconda.org/conda-forge/linux-64/ukkonen-1.0.1-py39hf939315_2.tar.bz2#5a3bb9dc2fe08a4a6f2b61548a1431d6
https://conda.anaconda.org/conda-forge/linux-64/yarl-1.7.2-py39hb9d737c_2.tar.bz2#f2f2df8a6238bf5e68c3aaf0e86e08d0
https://conda.anaconda.org/conda-forge/linux-64/zstandard-0.17.0-py39hb9d737c_1.tar.bz2#7a62ca99c30c5be3be3173c4ff779773
https://conda.anaconda.org/conda-forge/linux-64/aiohttp-3.8.1-py39hb9d737c_1.tar.bz2#8d847048d7b3b3ace26e40731297e37f
https://conda.anaconda.org/conda-forge/noarch/argon2-cffi-21.3.0-pyhd8ed1ab_0.tar.bz2#a0b402db58f73aaab8ee0ca1025a362e
https://conda.anaconda.org/conda-forge/linux-64/fastparquet-0.8.1-py39hd257fcd_0.tar.bz2#94ac09db2b930e1576baf96d83223dec
https://conda.anaconda.org/conda-forge/noarch/flask-2.1.2-pyhd8ed1ab_1.tar.bz2#53624cadbb40b6ce9ac1f4c56815c669
https://conda.anaconda.org/conda-forge/noarch/geopandas-base-0.10.2-pyha770c72_1.tar.bz2#10584badfcd9fa04e6fc9a4d5dad1513
https://conda.anaconda.org/conda-forge/noarch/google-resumable-media-1.3.3-pyh6c4a22f_0.tar.bz2#4ec0a9a5d761dfe1db7032b36ffb03f2
https://conda.anaconda.org/conda-forge/linux-64/googleapis-common-protos-1.56.1-py39hf3d152e_0.tar.bz2#b0bca6d697c955f291e0e74634a7f7a7
https://conda.anaconda.org/conda-forge/noarch/identify-2.5.1-pyhd8ed1ab_0.tar.bz2#6f41e3056fcd3061fbc2b49b3309fe0c
https://conda.anaconda.org/conda-forge/noarch/jsonpickle-2.2.0-pyhd8ed1ab_0.tar.bz2#35f19fabdfd44c8b53889be95333848c
https://conda.anaconda.org/conda-forge/noarch/jupyterlab_pygments-0.2.2-pyhd8ed1ab_0.tar.bz2#243f63592c8e449f40cd42eb5cf32f40
https://conda.anaconda.org/conda-forge/linux-64/libcst-0.4.3-py39hbf5dedb_0.tar.bz2#ee266c77167423b07c8cc9fd923acb05
https://conda.anaconda.org/conda-forge/linux-64/matplotlib-base-3.5.2-py39h700656a_0.tar.bz2#ab1bcd0fd24e375f16d662e4cc783cab
https://conda.anaconda.org/conda-forge/noarch/nbformat-5.4.0-pyhd8ed1ab_0.tar.bz2#770f6659243e2c79a0b8488b0e463bd1
https://conda.anaconda.org/conda-forge/noarch/oauthlib-3.2.0-pyhd8ed1ab_0.tar.bz2#ecc95c82c788737d6d33f5d564566d89
https://conda.anaconda.org/conda-forge/noarch/pandas-dev-flaker-0.5.0-pyhd8ed1ab_0.tar.bz2#a12c048b691c7eb581f519726c4b665b
https://conda.anaconda.org/conda-forge/noarch/parquet-cpp-1.5.1-2.tar.bz2#79a5f78c42817594ae016a7896521a97
https://conda.anaconda.org/conda-forge/noarch/patsy-0.5.2-pyhd8ed1ab_0.tar.bz2#2e4e8be763551f60bbfcc22b650e5d49
https://conda.anaconda.org/conda-forge/noarch/pbr-5.9.0-pyhd8ed1ab_0.tar.bz2#3e7b95a8fa94cec79224506310b59b01
https://conda.anaconda.org/conda-forge/noarch/proto-plus-1.20.1-pyhd8ed1ab_0.tar.bz2#164944b789134b948112c89904a241d5
https://conda.anaconda.org/conda-forge/noarch/pyopenssl-22.0.0-pyhd8ed1ab_0.tar.bz2#1d7e241dfaf5475e893d4b824bb71b44
https://conda.anaconda.org/conda-forge/linux-64/pyreadstat-1.1.6-py39hd08d98e_0.tar.bz2#ae1d3eef9c8faf9aa7e7cfff4b46c1b7
https://conda.anaconda.org/conda-forge/linux-64/pytables-3.7.0-py39h2669a42_0.tar.bz2#b28e0dcb7ccb5fb1bb51a076f488495b
https://conda.anaconda.org/conda-forge/noarch/pytest-asyncio-0.18.3-pyhd8ed1ab_0.tar.bz2#3c801ededfab3ac638db160f34aa578c
https://conda.anaconda.org/conda-forge/noarch/pytest-cov-3.0.0-pyhd8ed1ab_0.tar.bz2#0f7cac11bb696b62d378bde725bfc3eb
https://conda.anaconda.org/conda-forge/noarch/pytest-cython-0.2.0-pyhd8ed1ab_0.tar.bz2#642b96c2fbcbd4e69fd4c9d95d1df9bc
https://conda.anaconda.org/conda-forge/noarch/pytest-forked-1.4.0-pyhd8ed1ab_0.tar.bz2#95286e05a617de9ebfe3246cecbfb72f
https://conda.anaconda.org/conda-forge/noarch/python-jose-3.3.0-pyh6c4a22f_1.tar.bz2#8fa19760945f1c3754c9419c6459f7e0
https://conda.anaconda.org/conda-forge/linux-64/scikit-learn-1.1.1-py39h4037b75_0.tar.bz2#933f279f76b1e65845c65d9966bf1533
https://conda.anaconda.org/conda-forge/noarch/sshpubkeys-3.1.0-py_0.tar.bz2#f30f7774ac9026dd112b35950eaffde4
https://conda.anaconda.org/conda-forge/noarch/wcwidth-0.2.5-pyh9f0ad1d_2.tar.bz2#5266fcd697043c59621fda522b3d78ee
https://conda.anaconda.org/conda-forge/noarch/xarray-0.21.1-pyhd8ed1ab_0.tar.bz2#974b3aecd3f8ca975ad452496f7b85a6
https://conda.anaconda.org/conda-forge/noarch/flask_cors-3.0.10-pyhd3deb0d_0.tar.bz2#f06be6d2d27dc3ea2b3da84ade76583c
https://conda.anaconda.org/conda-forge/noarch/jschema-to-python-1.2.3-pyhd8ed1ab_0.tar.bz2#686ca7c72f9583791fe424600987411f
https://conda.anaconda.org/conda-forge/noarch/nbclient-0.6.3-pyhd8ed1ab_0.tar.bz2#d9fd2a7bc1b4cabf52f114f9602e5b0a
https://conda.anaconda.org/conda-forge/linux-64/pre-commit-2.19.0-py39hf3d152e_0.tar.bz2#dddc330e78d96d59c0cf68bf39dc09b1
https://conda.anaconda.org/conda-forge/noarch/prompt-toolkit-3.0.29-pyha770c72_0.tar.bz2#9e720b57b22ef3032b4fb081697819dd
https://conda.anaconda.org/conda-forge/linux-64/pyarrow-7.0.0-py39h42d110c_6_cpu.tar.bz2#60314bdc26b6e433b3cd78275bb2125e
https://conda.anaconda.org/conda-forge/noarch/pytest-xdist-2.5.0-pyhd8ed1ab_0.tar.bz2#1fdd1f3baccf0deb647385c677a1a48e
https://conda.anaconda.org/conda-forge/noarch/sarif-om-1.0.4-pyhd8ed1ab_0.tar.bz2#010e6280a9dc265d0488b598c45103d9
https://conda.anaconda.org/conda-forge/linux-64/statsmodels-0.13.2-py39hce5d2b2_0.tar.bz2#0d4a4a2f2e52548519a76262839494c9
https://conda.anaconda.org/conda-forge/noarch/urllib3-1.26.9-pyhd8ed1ab_0.tar.bz2#0ea179ee251aa7100807c35bc0252693
https://conda.anaconda.org/conda-forge/noarch/botocore-1.20.106-pyhd8ed1ab_0.tar.bz2#06a18a9dd3be807885ea2b3d83b12003
https://conda.anaconda.org/conda-forge/noarch/db-dtypes-1.0.0-pyhd8ed1ab_0.tar.bz2#51aaafbbdb1f2b38475d8cf776d34849
https://conda.anaconda.org/conda-forge/linux-64/ipython-8.3.0-py39hf3d152e_0.tar.bz2#731e626303529ba6205adb1014686858
https://conda.anaconda.org/conda-forge/noarch/nbconvert-core-6.5.0-pyhd8ed1ab_0.tar.bz2#42f74c4b38a099025167e76a7437edf1
https://conda.anaconda.org/conda-forge/noarch/requests-2.27.1-pyhd8ed1ab_0.tar.bz2#7c1c427246b057b8fa97200ecdb2ed62
https://conda.anaconda.org/conda-forge/noarch/aiobotocore-1.4.1-pyhd8ed1ab_0.tar.bz2#134cd4b3c5679224b4c69f0c6b6a5a7f
https://conda.anaconda.org/conda-forge/noarch/aws-xray-sdk-2.9.0-pyhd8ed1ab_0.tar.bz2#d1caa42db62707ad16250b9417d7bba4
https://conda.anaconda.org/conda-forge/linux-64/docker-py-5.0.3-py39hf3d152e_2.tar.bz2#adbd239e5bf8b3f85fbc31fc98151e3c
https://conda.anaconda.org/conda-forge/noarch/google-auth-1.35.0-pyh6c4a22f_0.tar.bz2#e9e51ec25b36547a4192a1953df66a8c
https://conda.anaconda.org/conda-forge/linux-64/ipykernel-6.13.0-py39hef51801_0.tar.bz2#9fd2a497e68e4c715d9fdf3f36b44072
https://conda.anaconda.org/conda-forge/noarch/nbconvert-pandoc-6.5.0-pyhd8ed1ab_0.tar.bz2#d7421adfc67100021d87032447066129
https://conda.anaconda.org/conda-forge/noarch/pandas-datareader-0.10.0-pyh6c4a22f_0.tar.bz2#1d3e50c28e6ff44f58ab16295bc9f7af
https://conda.anaconda.org/conda-forge/noarch/requests-oauthlib-1.3.1-pyhd8ed1ab_0.tar.bz2#61b279f051eef9c89d58f4d813e75e04
https://conda.anaconda.org/conda-forge/noarch/responses-0.20.0-pyhd8ed1ab_0.tar.bz2#7dc57af94b48ead82d782dbb12cb5dd5
https://conda.anaconda.org/conda-forge/noarch/s3transfer-0.4.2-pyhd8ed1ab_0.tar.bz2#e86b8df55baf33ae2165139ccc80ad73
https://conda.anaconda.org/conda-forge/noarch/sphinx-4.5.0-pyh6c4a22f_0.tar.bz2#46b38d88c4270ff9ba78a89c83c66345
https://conda.anaconda.org/conda-forge/noarch/boto3-1.17.106-pyhd8ed1ab_0.tar.bz2#10bb5b5f1720bd05bbb9aef0d94f92a1
https://conda.anaconda.org/conda-forge/noarch/google-api-core-1.31.5-pyhd8ed1ab_0.tar.bz2#af0e65ba5f2c0a20e1f93afa747b24d4
https://conda.anaconda.org/conda-forge/noarch/google-auth-oauthlib-0.5.1-pyhd8ed1ab_0.tar.bz2#d2ccbb5da1dcf713f5d7539a4d266928
https://conda.anaconda.org/conda-forge/noarch/nbconvert-6.5.0-pyhd8ed1ab_0.tar.bz2#156c180588e38b9f41758058824ec50f
https://conda.anaconda.org/conda-forge/noarch/numpydoc-1.3.1-pyhd8ed1ab_0.tar.bz2#31b43675aa1bb68e049c2f65c15da864
https://conda.anaconda.org/conda-forge/noarch/pydata-sphinx-theme-0.8.0-pyhd8ed1ab_0.tar.bz2#f039c20ce604243f3f5f0479b05225a7
https://conda.anaconda.org/conda-forge/noarch/s3fs-2021.11.0-pyhd8ed1ab_0.tar.bz2#3b535ab255f555931ad49e42b39658c1
https://conda.anaconda.org/conda-forge/noarch/sphinx-panels-0.6.0-pyhd8ed1ab_0.tar.bz2#6eec6480601f5d15babf9c3b3987f34a
https://conda.anaconda.org/conda-forge/noarch/aws-sam-translator-1.45.0-pyhd8ed1ab_0.tar.bz2#09b5f8655333b68fa93729c6e0036d5c
https://conda.anaconda.org/conda-forge/noarch/google-api-core-grpc-1.31.5-hd8ed1ab_0.tar.bz2#573b8600ceb7268af0505d317a9c4593
https://conda.anaconda.org/conda-forge/noarch/google-cloud-core-1.7.2-pyh6c4a22f_0.tar.bz2#97a1d5a5ad03a43f3441b532184dfdc5
https://conda.anaconda.org/conda-forge/noarch/nbsphinx-0.8.8-pyhd8ed1ab_0.tar.bz2#3529c411b2e536b0f52bf9271e8bf55d
https://conda.anaconda.org/conda-forge/noarch/notebook-6.4.11-pyha770c72_0.tar.bz2#da25720a88aa3cbb3e16df740783da74
https://conda.anaconda.org/conda-forge/noarch/pydata-google-auth-1.4.0-pyhd8ed1ab_0.tar.bz2#fd00068ab4729bc17c6f5e43780e5228
https://conda.anaconda.org/conda-forge/noarch/cfn-lint-0.60.1-pyhd8ed1ab_0.tar.bz2#cc490e03c5cb5474f40d054cd11b111b
https://conda.anaconda.org/conda-forge/noarch/google-cloud-bigquery-core-2.1.0-pyhc8dfbb8_0.tar.bz2#b5aac884e34b3931bfcd3976bb4ba540
https://conda.anaconda.org/conda-forge/noarch/google-cloud-bigquery-storage-core-2.11.0-pyh6c4a22f_0.tar.bz2#4e756999f22c7c02dc9f004ad1906b74
https://conda.anaconda.org/conda-forge/noarch/google-cloud-storage-2.1.0-pyh6c4a22f_0.tar.bz2#e76340074d116a15935b972757e3cd59
https://conda.anaconda.org/conda-forge/linux-64/widgetsnbextension-3.6.0-py39hf3d152e_0.tar.bz2#eb9f42c0ef3263a1d7bad8b0deb446f5
https://conda.anaconda.org/conda-forge/noarch/gcsfs-2021.11.0-pyhd8ed1ab_0.tar.bz2#2142b216c85ef43edfee7cb1cf14520e
https://conda.anaconda.org/conda-forge/noarch/google-cloud-bigquery-storage-2.11.0-pyh6c4a22f_0.tar.bz2#28ef07a4101ddea28bf766b95fc25128
https://conda.anaconda.org/conda-forge/noarch/ipywidgets-7.7.0-pyhd8ed1ab_0.tar.bz2#a3d2ccd3d9f9fcb65765c22f500529b4
https://conda.anaconda.org/conda-forge/noarch/moto-3.1.9-pyhd8ed1ab_0.tar.bz2#cdaf8331dcdf4408aa1c8918ec6f2e5a
https://conda.anaconda.org/conda-forge/noarch/google-cloud-bigquery-2.1.0-pyhc8dfbb8_0.tar.bz2#76096cc06c50cd55befc824e38e1f272
https://conda.anaconda.org/conda-forge/noarch/pandas-gbq-0.17.4-pyh6c4a22f_0.tar.bz2#20f9f294205685c80c9d6a7ee51791b1
